
Microsoft Visual Studio Solution File, Format Version 12.00
# Visual Studio 15
VisualStudioVersion = 15.0.28010.2019
MinimumVisualStudioVersion = 10.0.40219.1
Project("{9A19103F-16F7-4668-BE54-9A1E7A4F7556}") = "WorkingWithVisualStudio", "WorkingWithVisualStudio\WorkingWithVisualStudio.csproj", "{4B2386EA-3EF5-4EB0-BCD7-40D0926D87D0}"
EndProject
Project("{2150E333-8FDC-42A3-9474-1A3956D46DE8}") = "test", "test", "{BD5E3FE1-9C8B-4D70-88F8-EAE96A4944CE}"
EndProject
Project("{FAE04EC0-301F-11D3-BF4B-00C04F79EFBC}") = "WorkingWithVisualStudio.Tests", "test\WorkingWithVisualStudio.Tests\WorkingWithVisualStudio.Tests.csproj", "{C6755336-B432-471A-8F38-340FA71ED10D}"
EndProject
Project("{2150E333-8FDC-42A3-9474-1A3956D46DE8}") = "src", "src", "{48DC3898-A534-48FA-A40D-A2580C963960}"
EndProject
Global
	GlobalSection(SolutionConfigurationPlatforms) = preSolution
		Debug|Any CPU = Debug|Any CPU
		Release|Any CPU = Release|Any CPU
	EndGlobalSection
	GlobalSection(ProjectConfigurationPlatforms) = postSolution
		{4B2386EA-3EF5-4EB0-BCD7-40D0926D87D0}.Debug|Any CPU.ActiveCfg = Debug|Any CPU
		{4B2386EA-3EF5-4EB0-BCD7-40D0926D87D0}.Debug|Any CPU.Build.0 = Debug|Any CPU
		{4B2386EA-3EF5-4EB0-BCD7-40D0926D87D0}.Release|Any CPU.ActiveCfg = Release|Any CPU
		{4B2386EA-3EF5-4EB0-BCD7-40D0926D87D0}.Release|Any CPU.Build.0 = Release|Any CPU
		{C6755336-B432-471A-8F38-340FA71ED10D}.Debug|Any CPU.ActiveCfg = Debug|Any CPU
		{C6755336-B432-471A-8F38-340FA71ED10D}.Debug|Any CPU.Build.0 = Debug|Any CPU
		{C6755336-B432-471A-8F38-340FA71ED10D}.Release|Any CPU.ActiveCfg = Release|Any CPU
		{C6755336-B432-471A-8F38-340FA71ED10D}.Release|Any CPU.Build.0 = Release|Any CPU
	EndGlobalSection
	GlobalSection(SolutionProperties) = preSolution
		HideSolutionNode = FALSE
	EndGlobalSection
	GlobalSection(NestedProjects) = preSolution
		{4B2386EA-3EF5-4EB0-BCD7-40D0926D87D0} = {48DC3898-A534-48FA-A40D-A2580C963960}
		{C6755336-B432-471A-8F38-340FA71ED10D} = {BD5E3FE1-9C8B-4D70-88F8-EAE96A4944CE}
	EndGlobalSection
	GlobalSection(ExtensibilityGlobals) = postSolution
		SolutionGuid = {A5A7FEE8-3D34-46D5-A69A-827D98CD41BD}
	EndGlobalSection
EndGlobal
